
Microsoft Visual Studio Solution File, Format Version 12.00
# Visual Studio Express 2012 for Windows Desktop
Project("{8BC9CEB8-8B4A-11D0-8D11-00A0C91BC942}") = "EVT_PTP", "EVT_PTP.vcxproj", "{BF31EA55-EA29-4DF1-8F30-0B1C1C70BE57}"
EndProject
Global
	GlobalSection(SolutionConfigurationPlatforms) = preSolution
		Debug|x64 = Debug|x64
		Release|x64 = Release|x64
	EndGlobalSection
	GlobalSection(ProjectConfigurationPlatforms) = postSolution
		{BF31EA55-EA29-4DF1-8F30-0B1C1C70BE57}.Debug|x64.ActiveCfg = Release|x64
		{BF31EA55-EA29-4DF1-8F30-0B1C1C70BE57}.Debug|x64.Build.0 = Release|x64
		{BF31EA55-EA29-4DF1-8F30-0B1C1C70BE57}.Release|x64.ActiveCfg = Release|x64
		{BF31EA55-EA29-4DF1-8F30-0B1C1C70BE57}.Release|x64.Build.0 = Release|x64
	EndGlobalSection
	GlobalSection(SolutionProperties) = preSolution
		HideSolutionNode = FALSE
	EndGlobalSection
EndGlobal
